
Microsoft Visual Studio Solution File, Format Version 12.00
Project("{FAE04EC0-301F-11D3-BF4B-00C04F79EFBC}") = "IQP.Web", "src\IQP.Web\IQP.Web.csproj", "{E804BC28-57BF-4899-A033-CEECDA499A72}"
EndProject
Project("{FAE04EC0-301F-11D3-BF4B-00C04F79EFBC}") = "IQP.Domain", "src\IQP.Domain\IQP.Domain.csproj", "{306BFE8E-B437-479C-BAFA-794CBF48D627}"
EndProject
Project("{FAE04EC0-301F-11D3-BF4B-00C04F79EFBC}") = "IQP.Infrastructure", "src\IQP.Infrastructure\IQP.Infrastructure.csproj", "{402D73BD-0B3D-43E2-8013-020BD7344DB6}"
EndProject
Project("{FAE04EC0-301F-11D3-BF4B-00C04F79EFBC}") = "IQP.Infrastructure.CodeRunner", "src\IQP.Infrastructure.CodeRunner\IQP.Infrastructure.CodeRunner.csproj", "{62A743EA-07CE-43DB-9E34-95674A6B9D69}"
EndProject
Project("{FAE04EC0-301F-11D3-BF4B-00C04F79EFBC}") = "IQP.Application", "src\IQP.Application\IQP.Application.csproj", "{AC382123-38B3-492C-A34C-EAE6432E77E6}"
EndProject
Project("{2150E333-8FDC-42A3-9474-1A3956D46DE8}") = "Solution Items", "Solution Items", "{3CC5BD18-E1DD-461B-8718-CFFDA28D3D61}"
	ProjectSection(SolutionItems) = preProject
		docker-compose.yml = docker-compose.yml
	EndProjectSection
EndProject
Project("{FAE04EC0-301F-11D3-BF4B-00C04F79EFBC}") = "IQP.Infrastructure.CodeRunner.IntegrationTests", "tests\IQP.Infrastructure.CodeRunner.IntegrationTests\IQP.Infrastructure.CodeRunner.IntegrationTests.csproj", "{1842FB53-2CE1-41AF-BFBB-34359EBE20B1}"
EndProject
Project("{FAE04EC0-301F-11D3-BF4B-00C04F79EFBC}") = "IQP.Application.UnitTests", "tests\IQP.Application.UnitTests\IQP.Application.UnitTests.csproj", "{33517C81-8E7F-422F-9B24-195B135F8BEE}"
EndProject
Global
	GlobalSection(SolutionConfigurationPlatforms) = preSolution
		Debug|Any CPU = Debug|Any CPU
		Release|Any CPU = Release|Any CPU
	EndGlobalSection
	GlobalSection(ProjectConfigurationPlatforms) = postSolution
		{E804BC28-57BF-4899-A033-CEECDA499A72}.Debug|Any CPU.ActiveCfg = Debug|Any CPU
		{E804BC28-57BF-4899-A033-CEECDA499A72}.Debug|Any CPU.Build.0 = Debug|Any CPU
		{E804BC28-57BF-4899-A033-CEECDA499A72}.Release|Any CPU.ActiveCfg = Release|Any CPU
		{E804BC28-57BF-4899-A033-CEECDA499A72}.Release|Any CPU.Build.0 = Release|Any CPU
		{306BFE8E-B437-479C-BAFA-794CBF48D627}.Debug|Any CPU.ActiveCfg = Debug|Any CPU
		{306BFE8E-B437-479C-BAFA-794CBF48D627}.Debug|Any CPU.Build.0 = Debug|Any CPU
		{306BFE8E-B437-479C-BAFA-794CBF48D627}.Release|Any CPU.ActiveCfg = Release|Any CPU
		{306BFE8E-B437-479C-BAFA-794CBF48D627}.Release|Any CPU.Build.0 = Release|Any CPU
		{402D73BD-0B3D-43E2-8013-020BD7344DB6}.Debug|Any CPU.ActiveCfg = Debug|Any CPU
		{402D73BD-0B3D-43E2-8013-020BD7344DB6}.Debug|Any CPU.Build.0 = Debug|Any CPU
		{402D73BD-0B3D-43E2-8013-020BD7344DB6}.Release|Any CPU.ActiveCfg = Release|Any CPU
		{402D73BD-0B3D-43E2-8013-020BD7344DB6}.Release|Any CPU.Build.0 = Release|Any CPU
		{CECE7667-A326-4CE2-87C1-C9496ABE9A45}.Debug|Any CPU.ActiveCfg = Debug|Any CPU
		{CECE7667-A326-4CE2-87C1-C9496ABE9A45}.Debug|Any CPU.Build.0 = Debug|Any CPU
		{CECE7667-A326-4CE2-87C1-C9496ABE9A45}.Release|Any CPU.ActiveCfg = Release|Any CPU
		{CECE7667-A326-4CE2-87C1-C9496ABE9A45}.Release|Any CPU.Build.0 = Release|Any CPU
		{62A743EA-07CE-43DB-9E34-95674A6B9D69}.Debug|Any CPU.ActiveCfg = Debug|Any CPU
		{62A743EA-07CE-43DB-9E34-95674A6B9D69}.Debug|Any CPU.Build.0 = Debug|Any CPU
		{62A743EA-07CE-43DB-9E34-95674A6B9D69}.Release|Any CPU.ActiveCfg = Release|Any CPU
		{62A743EA-07CE-43DB-9E34-95674A6B9D69}.Release|Any CPU.Build.0 = Release|Any CPU
		{AC382123-38B3-492C-A34C-EAE6432E77E6}.Debug|Any CPU.ActiveCfg = Debug|Any CPU
		{AC382123-38B3-492C-A34C-EAE6432E77E6}.Debug|Any CPU.Build.0 = Debug|Any CPU
		{AC382123-38B3-492C-A34C-EAE6432E77E6}.Release|Any CPU.ActiveCfg = Release|Any CPU
		{AC382123-38B3-492C-A34C-EAE6432E77E6}.Release|Any CPU.Build.0 = Release|Any CPU
		{1842FB53-2CE1-41AF-BFBB-34359EBE20B1}.Debug|Any CPU.ActiveCfg = Debug|Any CPU
		{1842FB53-2CE1-41AF-BFBB-34359EBE20B1}.Debug|Any CPU.Build.0 = Debug|Any CPU
		{1842FB53-2CE1-41AF-BFBB-34359EBE20B1}.Release|Any CPU.ActiveCfg = Release|Any CPU
		{1842FB53-2CE1-41AF-BFBB-34359EBE20B1}.Release|Any CPU.Build.0 = Release|Any CPU
		{33517C81-8E7F-422F-9B24-195B135F8BEE}.Debug|Any CPU.ActiveCfg = Debug|Any CPU
		{33517C81-8E7F-422F-9B24-195B135F8BEE}.Debug|Any CPU.Build.0 = Debug|Any CPU
		{33517C81-8E7F-422F-9B24-195B135F8BEE}.Release|Any CPU.ActiveCfg = Release|Any CPU
		{33517C81-8E7F-422F-9B24-195B135F8BEE}.Release|Any CPU.Build.0 = Release|Any CPU
	EndGlobalSection
EndGlobal
